
Microsoft Visual Studio Solution File, Format Version 12.00
# Visual Studio 15
VisualStudioVersion = 15.0.27703.2035
MinimumVisualStudioVersion = 10.0.40219.1
Project("{FAE04EC0-301F-11D3-BF4B-00C04F79EFBC}") = "MyLibrary.App", "MyLibrary.App\MyLibrary.App.csproj", "{891240CF-4207-4B7C-B52D-C3EEE9918C1B}"
EndProject
Project("{FAE04EC0-301F-11D3-BF4B-00C04F79EFBC}") = "MyLibrary.Data", "MyLibrary.Data\MyLibrary.Data.csproj", "{A9BB00B1-9DA8-41FE-8B40-033D9D137E4C}"
EndProject
Project("{FAE04EC0-301F-11D3-BF4B-00C04F79EFBC}") = "MyLibrary.Models", "MyLibrary.Models\MyLibrary.Models.csproj", "{F4305FE0-62A5-4AF7-9D00-5EEE971940DF}"
EndProject
Global
	GlobalSection(SolutionConfigurationPlatforms) = preSolution
		Debug|Any CPU = Debug|Any CPU
		Release|Any CPU = Release|Any CPU
	EndGlobalSection
	GlobalSection(ProjectConfigurationPlatforms) = postSolution
		{891240CF-4207-4B7C-B52D-C3EEE9918C1B}.Debug|Any CPU.ActiveCfg = Debug|Any CPU
		{891240CF-4207-4B7C-B52D-C3EEE9918C1B}.Debug|Any CPU.Build.0 = Debug|Any CPU
		{891240CF-4207-4B7C-B52D-C3EEE9918C1B}.Release|Any CPU.ActiveCfg = Release|Any CPU
		{891240CF-4207-4B7C-B52D-C3EEE9918C1B}.Release|Any CPU.Build.0 = Release|Any CPU
		{A9BB00B1-9DA8-41FE-8B40-033D9D137E4C}.Debug|Any CPU.ActiveCfg = Debug|Any CPU
		{A9BB00B1-9DA8-41FE-8B40-033D9D137E4C}.Debug|Any CPU.Build.0 = Debug|Any CPU
		{A9BB00B1-9DA8-41FE-8B40-033D9D137E4C}.Release|Any CPU.ActiveCfg = Release|Any CPU
		{A9BB00B1-9DA8-41FE-8B40-033D9D137E4C}.Release|Any CPU.Build.0 = Release|Any CPU
		{F4305FE0-62A5-4AF7-9D00-5EEE971940DF}.Debug|Any CPU.ActiveCfg = Debug|Any CPU
		{F4305FE0-62A5-4AF7-9D00-5EEE971940DF}.Debug|Any CPU.Build.0 = Debug|Any CPU
		{F4305FE0-62A5-4AF7-9D00-5EEE971940DF}.Release|Any CPU.ActiveCfg = Release|Any CPU
		{F4305FE0-62A5-4AF7-9D00-5EEE971940DF}.Release|Any CPU.Build.0 = Release|Any CPU
	EndGlobalSection
	GlobalSection(SolutionProperties) = preSolution
		HideSolutionNode = FALSE
	EndGlobalSection
	GlobalSection(ExtensibilityGlobals) = postSolution
		SolutionGuid = {A8E6C2AC-F101-4C1C-B34A-132BC0A18EFC}
	EndGlobalSection
EndGlobal
