
Microsoft Visual Studio Solution File, Format Version 12.00
# Visual Studio 15
VisualStudioVersion = 15.0.27004.2006
MinimumVisualStudioVersion = 10.0.40219.1
Project("{9A19103F-16F7-4668-BE54-9A1E7A4F7556}") = "P01_HospitalDatabase", "P01_HospitalDatabase\P01_HospitalDatabase.csproj", "{8B750F16-FC9B-4748-AB1A-4F6EDEFBB162}"
EndProject
Project("{FAE04EC0-301F-11D3-BF4B-00C04F79EFBC}") = "P03_SalesDatabase", "P03_SalesDatabase\P03_SalesDatabase.csproj", "{BE8B6A7B-883C-42D1-A48C-FBEE9CF2F066}"
EndProject
Global
	GlobalSection(SolutionConfigurationPlatforms) = preSolution
		Debug|Any CPU = Debug|Any CPU
		Release|Any CPU = Release|Any CPU
	EndGlobalSection
	GlobalSection(ProjectConfigurationPlatforms) = postSolution
		{8B750F16-FC9B-4748-AB1A-4F6EDEFBB162}.Debug|Any CPU.ActiveCfg = Debug|Any CPU
		{8B750F16-FC9B-4748-AB1A-4F6EDEFBB162}.Debug|Any CPU.Build.0 = Debug|Any CPU
		{8B750F16-FC9B-4748-AB1A-4F6EDEFBB162}.Release|Any CPU.ActiveCfg = Release|Any CPU
		{8B750F16-FC9B-4748-AB1A-4F6EDEFBB162}.Release|Any CPU.Build.0 = Release|Any CPU
		{BE8B6A7B-883C-42D1-A48C-FBEE9CF2F066}.Debug|Any CPU.ActiveCfg = Debug|Any CPU
		{BE8B6A7B-883C-42D1-A48C-FBEE9CF2F066}.Debug|Any CPU.Build.0 = Debug|Any CPU
		{BE8B6A7B-883C-42D1-A48C-FBEE9CF2F066}.Release|Any CPU.ActiveCfg = Release|Any CPU
		{BE8B6A7B-883C-42D1-A48C-FBEE9CF2F066}.Release|Any CPU.Build.0 = Release|Any CPU
	EndGlobalSection
	GlobalSection(SolutionProperties) = preSolution
		HideSolutionNode = FALSE
	EndGlobalSection
	GlobalSection(ExtensibilityGlobals) = postSolution
		SolutionGuid = {D6746978-1D84-4EFF-B5CD-0DD2E029BECF}
	EndGlobalSection
EndGlobal
