
Microsoft Visual Studio Solution File, Format Version 12.00
# Visual Studio 15
VisualStudioVersion = 15.0.26430.13
MinimumVisualStudioVersion = 10.0.40219.1
Project("{FAE04EC0-301F-11D3-BF4B-00C04F79EFBC}") = "BoxOfT", "BoxOfT\BoxOfT.csproj", "{6AD938CD-D557-4C5C-A9DA-FA59A431C118}"
EndProject
Project("{FAE04EC0-301F-11D3-BF4B-00C04F79EFBC}") = "01.GenericBox", "01.GenericBox\01.GenericBox.csproj", "{90E7A32E-EAA9-40F3-8269-95D10CAA8C9C}"
EndProject
Project("{FAE04EC0-301F-11D3-BF4B-00C04F79EFBC}") = "GenericList", "GenericList\GenericList.csproj", "{7B2BD831-187B-4E2E-8012-2075E2811278}"
EndProject
Project("{FAE04EC0-301F-11D3-BF4B-00C04F79EFBC}") = "03.Tuple", "03.Tuple\03.Tuple.csproj", "{C6B04F4B-8D15-450E-B365-948CA3DFFAD5}"
EndProject
Global
	GlobalSection(SolutionConfigurationPlatforms) = preSolution
		Debug|Any CPU = Debug|Any CPU
		Release|Any CPU = Release|Any CPU
	EndGlobalSection
	GlobalSection(ProjectConfigurationPlatforms) = postSolution
		{6AD938CD-D557-4C5C-A9DA-FA59A431C118}.Debug|Any CPU.ActiveCfg = Debug|Any CPU
		{6AD938CD-D557-4C5C-A9DA-FA59A431C118}.Debug|Any CPU.Build.0 = Debug|Any CPU
		{6AD938CD-D557-4C5C-A9DA-FA59A431C118}.Release|Any CPU.ActiveCfg = Release|Any CPU
		{6AD938CD-D557-4C5C-A9DA-FA59A431C118}.Release|Any CPU.Build.0 = Release|Any CPU
		{90E7A32E-EAA9-40F3-8269-95D10CAA8C9C}.Debug|Any CPU.ActiveCfg = Debug|Any CPU
		{90E7A32E-EAA9-40F3-8269-95D10CAA8C9C}.Debug|Any CPU.Build.0 = Debug|Any CPU
		{90E7A32E-EAA9-40F3-8269-95D10CAA8C9C}.Release|Any CPU.ActiveCfg = Release|Any CPU
		{90E7A32E-EAA9-40F3-8269-95D10CAA8C9C}.Release|Any CPU.Build.0 = Release|Any CPU
		{7B2BD831-187B-4E2E-8012-2075E2811278}.Debug|Any CPU.ActiveCfg = Debug|Any CPU
		{7B2BD831-187B-4E2E-8012-2075E2811278}.Debug|Any CPU.Build.0 = Debug|Any CPU
		{7B2BD831-187B-4E2E-8012-2075E2811278}.Release|Any CPU.ActiveCfg = Release|Any CPU
		{7B2BD831-187B-4E2E-8012-2075E2811278}.Release|Any CPU.Build.0 = Release|Any CPU
		{C6B04F4B-8D15-450E-B365-948CA3DFFAD5}.Debug|Any CPU.ActiveCfg = Debug|Any CPU
		{C6B04F4B-8D15-450E-B365-948CA3DFFAD5}.Debug|Any CPU.Build.0 = Debug|Any CPU
		{C6B04F4B-8D15-450E-B365-948CA3DFFAD5}.Release|Any CPU.ActiveCfg = Release|Any CPU
		{C6B04F4B-8D15-450E-B365-948CA3DFFAD5}.Release|Any CPU.Build.0 = Release|Any CPU
	EndGlobalSection
	GlobalSection(SolutionProperties) = preSolution
		HideSolutionNode = FALSE
	EndGlobalSection
EndGlobal
