
Microsoft Visual Studio Solution File, Format Version 12.00
# Visual Studio 15
VisualStudioVersion = 15.0.27004.2006
MinimumVisualStudioVersion = 10.0.40219.1
Project("{FAE04EC0-301F-11D3-BF4B-00C04F79EFBC}") = "ProductsShop.Clients", "ProductsShop.Clients\ProductsShop.Clients.csproj", "{6E7D0AE2-5BD9-4E52-B1A9-EEF307AB386C}"
EndProject
Project("{FAE04EC0-301F-11D3-BF4B-00C04F79EFBC}") = "ProductsShop.Data", "ProductsShop.Data\ProductsShop.Data.csproj", "{5621E481-5C59-46C4-82FE-3F49247AA0C3}"
EndProject
Project("{FAE04EC0-301F-11D3-BF4B-00C04F79EFBC}") = "ProductShop.Models", "ProductShop.Models\ProductShop.Models.csproj", "{21CAC8EC-BC43-4127-8990-C0847B4ADE8F}"
EndProject
Global
	GlobalSection(SolutionConfigurationPlatforms) = preSolution
		Debug|Any CPU = Debug|Any CPU
		Release|Any CPU = Release|Any CPU
	EndGlobalSection
	GlobalSection(ProjectConfigurationPlatforms) = postSolution
		{6E7D0AE2-5BD9-4E52-B1A9-EEF307AB386C}.Debug|Any CPU.ActiveCfg = Debug|Any CPU
		{6E7D0AE2-5BD9-4E52-B1A9-EEF307AB386C}.Debug|Any CPU.Build.0 = Debug|Any CPU
		{6E7D0AE2-5BD9-4E52-B1A9-EEF307AB386C}.Release|Any CPU.ActiveCfg = Release|Any CPU
		{6E7D0AE2-5BD9-4E52-B1A9-EEF307AB386C}.Release|Any CPU.Build.0 = Release|Any CPU
		{5621E481-5C59-46C4-82FE-3F49247AA0C3}.Debug|Any CPU.ActiveCfg = Debug|Any CPU
		{5621E481-5C59-46C4-82FE-3F49247AA0C3}.Debug|Any CPU.Build.0 = Debug|Any CPU
		{5621E481-5C59-46C4-82FE-3F49247AA0C3}.Release|Any CPU.ActiveCfg = Release|Any CPU
		{5621E481-5C59-46C4-82FE-3F49247AA0C3}.Release|Any CPU.Build.0 = Release|Any CPU
		{21CAC8EC-BC43-4127-8990-C0847B4ADE8F}.Debug|Any CPU.ActiveCfg = Debug|Any CPU
		{21CAC8EC-BC43-4127-8990-C0847B4ADE8F}.Debug|Any CPU.Build.0 = Debug|Any CPU
		{21CAC8EC-BC43-4127-8990-C0847B4ADE8F}.Release|Any CPU.ActiveCfg = Release|Any CPU
		{21CAC8EC-BC43-4127-8990-C0847B4ADE8F}.Release|Any CPU.Build.0 = Release|Any CPU
	EndGlobalSection
	GlobalSection(SolutionProperties) = preSolution
		HideSolutionNode = FALSE
	EndGlobalSection
	GlobalSection(ExtensibilityGlobals) = postSolution
		SolutionGuid = {901929EC-6567-476C-B434-9B6EF834C983}
	EndGlobalSection
EndGlobal
