
Microsoft Visual Studio Solution File, Format Version 12.00
# Visual Studio 15
VisualStudioVersion = 15.0.27703.2035
MinimumVisualStudioVersion = 10.0.40219.1
Project("{FAE04EC0-301F-11D3-BF4B-00C04F79EFBC}") = "BookShop.Api", "BookShop.Api\BookShop.Api.csproj", "{450672EC-F546-4D61-AE4D-E166708EB26C}"
EndProject
Project("{FAE04EC0-301F-11D3-BF4B-00C04F79EFBC}") = "BookShop.Services", "BookShop.Services\BookShop.Services.csproj", "{E9E8CB2D-607F-4DD9-9E29-9D5EB6C72260}"
EndProject
Project("{FAE04EC0-301F-11D3-BF4B-00C04F79EFBC}") = "BookShop.Models", "BookShop.Models\BookShop.Models.csproj", "{B7660388-82FF-42F3-8637-3EEA0CF5D706}"
EndProject
Project("{FAE04EC0-301F-11D3-BF4B-00C04F79EFBC}") = "BookShop.Data", "BookShop.Data\BookShop.Data.csproj", "{65F056F9-D646-482B-B9C5-BAD439558970}"
EndProject
Project("{FAE04EC0-301F-11D3-BF4B-00C04F79EFBC}") = "BookShop.Common", "BookShop.Common\BookShop.Common.csproj", "{558A57EA-D8FE-4E69-B95B-8E93D0A33473}"
EndProject
Global
	GlobalSection(SolutionConfigurationPlatforms) = preSolution
		Debug|Any CPU = Debug|Any CPU
		Release|Any CPU = Release|Any CPU
	EndGlobalSection
	GlobalSection(ProjectConfigurationPlatforms) = postSolution
		{450672EC-F546-4D61-AE4D-E166708EB26C}.Debug|Any CPU.ActiveCfg = Debug|Any CPU
		{450672EC-F546-4D61-AE4D-E166708EB26C}.Debug|Any CPU.Build.0 = Debug|Any CPU
		{450672EC-F546-4D61-AE4D-E166708EB26C}.Release|Any CPU.ActiveCfg = Release|Any CPU
		{450672EC-F546-4D61-AE4D-E166708EB26C}.Release|Any CPU.Build.0 = Release|Any CPU
		{E9E8CB2D-607F-4DD9-9E29-9D5EB6C72260}.Debug|Any CPU.ActiveCfg = Debug|Any CPU
		{E9E8CB2D-607F-4DD9-9E29-9D5EB6C72260}.Debug|Any CPU.Build.0 = Debug|Any CPU
		{E9E8CB2D-607F-4DD9-9E29-9D5EB6C72260}.Release|Any CPU.ActiveCfg = Release|Any CPU
		{E9E8CB2D-607F-4DD9-9E29-9D5EB6C72260}.Release|Any CPU.Build.0 = Release|Any CPU
		{B7660388-82FF-42F3-8637-3EEA0CF5D706}.Debug|Any CPU.ActiveCfg = Debug|Any CPU
		{B7660388-82FF-42F3-8637-3EEA0CF5D706}.Debug|Any CPU.Build.0 = Debug|Any CPU
		{B7660388-82FF-42F3-8637-3EEA0CF5D706}.Release|Any CPU.ActiveCfg = Release|Any CPU
		{B7660388-82FF-42F3-8637-3EEA0CF5D706}.Release|Any CPU.Build.0 = Release|Any CPU
		{65F056F9-D646-482B-B9C5-BAD439558970}.Debug|Any CPU.ActiveCfg = Debug|Any CPU
		{65F056F9-D646-482B-B9C5-BAD439558970}.Debug|Any CPU.Build.0 = Debug|Any CPU
		{65F056F9-D646-482B-B9C5-BAD439558970}.Release|Any CPU.ActiveCfg = Release|Any CPU
		{65F056F9-D646-482B-B9C5-BAD439558970}.Release|Any CPU.Build.0 = Release|Any CPU
		{558A57EA-D8FE-4E69-B95B-8E93D0A33473}.Debug|Any CPU.ActiveCfg = Debug|Any CPU
		{558A57EA-D8FE-4E69-B95B-8E93D0A33473}.Debug|Any CPU.Build.0 = Debug|Any CPU
		{558A57EA-D8FE-4E69-B95B-8E93D0A33473}.Release|Any CPU.ActiveCfg = Release|Any CPU
		{558A57EA-D8FE-4E69-B95B-8E93D0A33473}.Release|Any CPU.Build.0 = Release|Any CPU
	EndGlobalSection
	GlobalSection(SolutionProperties) = preSolution
		HideSolutionNode = FALSE
	EndGlobalSection
	GlobalSection(ExtensibilityGlobals) = postSolution
		SolutionGuid = {208E335D-BB53-4307-A439-659CE45561B4}
	EndGlobalSection
EndGlobal
