
Microsoft Visual Studio Solution File, Format Version 12.00
# Visual Studio 15
VisualStudioVersion = 15.0.27004.2006
MinimumVisualStudioVersion = 10.0.40219.1
Project("{FAE04EC0-301F-11D3-BF4B-00C04F79EFBC}") = "P02_DatabaseFirst", "P02_DatabaseFirst\P02_DatabaseFirst.csproj", "{35E188DE-059F-4D38-8A6E-A6A0EB4C4983}"
EndProject
Global
	GlobalSection(SolutionConfigurationPlatforms) = preSolution
		Debug|Any CPU = Debug|Any CPU
		Release|Any CPU = Release|Any CPU
	EndGlobalSection
	GlobalSection(ProjectConfigurationPlatforms) = postSolution
		{35E188DE-059F-4D38-8A6E-A6A0EB4C4983}.Debug|Any CPU.ActiveCfg = Debug|Any CPU
		{35E188DE-059F-4D38-8A6E-A6A0EB4C4983}.Debug|Any CPU.Build.0 = Debug|Any CPU
		{35E188DE-059F-4D38-8A6E-A6A0EB4C4983}.Release|Any CPU.ActiveCfg = Release|Any CPU
		{35E188DE-059F-4D38-8A6E-A6A0EB4C4983}.Release|Any CPU.Build.0 = Release|Any CPU
	EndGlobalSection
	GlobalSection(SolutionProperties) = preSolution
		HideSolutionNode = FALSE
	EndGlobalSection
	GlobalSection(ExtensibilityGlobals) = postSolution
		SolutionGuid = {53A614F2-F38D-4348-AA25-0AFA653E1307}
	EndGlobalSection
EndGlobal
