
Microsoft Visual Studio Solution File, Format Version 12.00
# Visual Studio 15
VisualStudioVersion = 15.0.27004.2006
MinimumVisualStudioVersion = 10.0.40219.1
Project("{FAE04EC0-301F-11D3-BF4B-00C04F79EFBC}") = "SomeTasks", "SomeTasks\SomeTasks.csproj", "{F743E590-F33D-41E1-B6AF-683AA04F9FAB}"
EndProject
Global
	GlobalSection(SolutionConfigurationPlatforms) = preSolution
		Debug|Any CPU = Debug|Any CPU
		Release|Any CPU = Release|Any CPU
	EndGlobalSection
	GlobalSection(ProjectConfigurationPlatforms) = postSolution
		{F743E590-F33D-41E1-B6AF-683AA04F9FAB}.Debug|Any CPU.ActiveCfg = Debug|Any CPU
		{F743E590-F33D-41E1-B6AF-683AA04F9FAB}.Debug|Any CPU.Build.0 = Debug|Any CPU
		{F743E590-F33D-41E1-B6AF-683AA04F9FAB}.Release|Any CPU.ActiveCfg = Release|Any CPU
		{F743E590-F33D-41E1-B6AF-683AA04F9FAB}.Release|Any CPU.Build.0 = Release|Any CPU
	EndGlobalSection
	GlobalSection(SolutionProperties) = preSolution
		HideSolutionNode = FALSE
	EndGlobalSection
	GlobalSection(ExtensibilityGlobals) = postSolution
		SolutionGuid = {B43018A3-46A7-4AB4-95F9-CA1B1BE3CFC1}
	EndGlobalSection
EndGlobal
