
Microsoft Visual Studio Solution File, Format Version 12.00
# Visual Studio 15
VisualStudioVersion = 15.0.27004.2002
MinimumVisualStudioVersion = 10.0.40219.1
Project("{9A19103F-16F7-4668-BE54-9A1E7A4F7556}") = "URLDecode", "URLDecode\URLDecode.csproj", "{96135C8F-6FC4-4A7A-AA66-D9A3B4C4D922}"
EndProject
Project("{9A19103F-16F7-4668-BE54-9A1E7A4F7556}") = "Rquest", "Rquest\Rquest.csproj", "{1C542EE2-B847-4A4E-8EE9-6C6A80E42FA9}"
EndProject
Project("{FAE04EC0-301F-11D3-BF4B-00C04F79EFBC}") = "ValidateUrl", "ValidateUrl\ValidateUrl.csproj", "{88472B46-2A95-4ECB-ADC9-7B4DAA7DAF10}"
EndProject
Global
	GlobalSection(SolutionConfigurationPlatforms) = preSolution
		Debug|Any CPU = Debug|Any CPU
		Release|Any CPU = Release|Any CPU
	EndGlobalSection
	GlobalSection(ProjectConfigurationPlatforms) = postSolution
		{96135C8F-6FC4-4A7A-AA66-D9A3B4C4D922}.Debug|Any CPU.ActiveCfg = Debug|Any CPU
		{96135C8F-6FC4-4A7A-AA66-D9A3B4C4D922}.Debug|Any CPU.Build.0 = Debug|Any CPU
		{96135C8F-6FC4-4A7A-AA66-D9A3B4C4D922}.Release|Any CPU.ActiveCfg = Release|Any CPU
		{96135C8F-6FC4-4A7A-AA66-D9A3B4C4D922}.Release|Any CPU.Build.0 = Release|Any CPU
		{1C542EE2-B847-4A4E-8EE9-6C6A80E42FA9}.Debug|Any CPU.ActiveCfg = Debug|Any CPU
		{1C542EE2-B847-4A4E-8EE9-6C6A80E42FA9}.Debug|Any CPU.Build.0 = Debug|Any CPU
		{1C542EE2-B847-4A4E-8EE9-6C6A80E42FA9}.Release|Any CPU.ActiveCfg = Release|Any CPU
		{1C542EE2-B847-4A4E-8EE9-6C6A80E42FA9}.Release|Any CPU.Build.0 = Release|Any CPU
		{88472B46-2A95-4ECB-ADC9-7B4DAA7DAF10}.Debug|Any CPU.ActiveCfg = Debug|Any CPU
		{88472B46-2A95-4ECB-ADC9-7B4DAA7DAF10}.Debug|Any CPU.Build.0 = Debug|Any CPU
		{88472B46-2A95-4ECB-ADC9-7B4DAA7DAF10}.Release|Any CPU.ActiveCfg = Release|Any CPU
		{88472B46-2A95-4ECB-ADC9-7B4DAA7DAF10}.Release|Any CPU.Build.0 = Release|Any CPU
	EndGlobalSection
	GlobalSection(SolutionProperties) = preSolution
		HideSolutionNode = FALSE
	EndGlobalSection
	GlobalSection(ExtensibilityGlobals) = postSolution
		SolutionGuid = {A18FD2E2-8BAF-4B49-8944-69B05FF2623E}
	EndGlobalSection
EndGlobal
